<?xml version="1.0" encoding="UTF-8" standalone="yes" ?>
<CodeBlocks_project_file>
	<FileVersion major="1" minor="6" />
	<Project>
		<Option title="OGG" />
		<Option pch_mode="2" />
		<Option compiler="gcc" />
		<Build>
			<Target title="Debug">
				<Option output="bin/Debug/OGG" prefix_auto="1" extension_auto="1" />
				<Option working_dir="" />
				<Option object_output="temp/Debug/" />
				<Option type="2" />
				<Option compiler="gcc" />
				<Option createDefFile="1" />
				<Compiler>
					<Add option="-Wall" />
					<Add option="-g" />
					<Add option="-DLIB_OGG__BUILDING" />
					<Add option="-DGLUT_DISABLE_ATEXIT_HACK" />
					<Add directory="include" />
					<Add directory="dependency/freeglut/freeglut/include" />
					<Add directory="dependency/freeglut/glew-1.11.0/include" />
				</Compiler>
			</Target>
			<Target title="Release">
				<Option output="bin/Release/OGG" prefix_auto="1" extension_auto="1" />
				<Option working_dir="" />
				<Option object_output="temp/Release/" />
				<Option type="2" />
				<Option compiler="gcc" />
				<Option createDefFile="1" />
				<Compiler>
					<Add option="-O2" />
					<Add option="-Wall" />
					<Add option="-DLIB_OGG__BUILDING" />
					<Add option="-DGLUT_DISABLE_ATEXIT_HACK" />
					<Add directory="include" />
					<Add directory="dependency/freeglut/freeglut/include" />
					<Add directory="dependency/freeglut/glew-1.11.0/include" />
				</Compiler>
				<Linker>
					<Add option="-s" />
				</Linker>
			</Target>
			<Target title="designDebug">
				<Option output="bin/designDebug/OGG" prefix_auto="1" extension_auto="1" />
				<Option working_dir="" />
				<Option object_output="temp/designDebug/" />
				<Option type="2" />
				<Option compiler="gcc" />
				<Option createDefFile="1" />
				<Compiler>
					<Add option="-Wall" />
					<Add option="-g" />
					<Add option="-DLIB_OGG__BUILDING" />
					<Add option="-DDESIGN_TIME" />
					<Add option="-DGLUT_DISABLE_ATEXIT_HACK" />
					<Add directory="include" />
					<Add directory="dependency/freeglut/freeglut/include" />
					<Add directory="dependency/freeglut/glew-1.11.0/include" />
				</Compiler>
			</Target>
			<Target title="designRelease">
				<Option output="bin/designRelease/OGG" prefix_auto="1" extension_auto="1" />
				<Option working_dir="" />
				<Option object_output="temp/designRelease/" />
				<Option type="2" />
				<Option compiler="gcc" />
				<Option createDefFile="1" />
				<Compiler>
					<Add option="-O2" />
					<Add option="-Wall" />
					<Add option="-DLIB_OGG__BUILDING" />
					<Add option="-DDESIGN_TIME" />
					<Add option="-DGLUT_DISABLE_ATEXIT_HACK" />
					<Add directory="include" />
					<Add directory="dependency/freeglut/freeglut/include" />
					<Add directory="dependency/freeglut/glew-1.11.0/include" />
				</Compiler>
				<Linker>
					<Add option="-s" />
				</Linker>
			</Target>
		</Build>
		<Unit filename="include/components/ogg_button.h" />
		<Unit filename="include/components/ogg_components.h" />
		<Unit filename="include/components/ogg_edit.h" />
		<Unit filename="include/components/ogg_forms.h" />
		<Unit filename="include/components/ogg_grid.h" />
		<Unit filename="include/components/ogg_grid_canvas.h" />
		<Unit filename="include/components/ogg_shape.h" />
		<Unit filename="include/events/ogg_default_handlers.h" />
		<Unit filename="include/events/ogg_events.h" />
		<Unit filename="include/ogg.h" />
		<Unit filename="include/utils/geometry.h" />
		<Unit filename="include/utils/ogg_utils.h" />
		<Unit filename="src/components/ogg_button.c">
			<Option compilerVar="CC" />
		</Unit>
		<Unit filename="src/components/ogg_components.c">
			<Option compilerVar="CC" />
		</Unit>
		<Unit filename="src/components/ogg_edit.c">
			<Option compilerVar="CC" />
		</Unit>
		<Unit filename="src/components/ogg_forms.c">
			<Option compilerVar="CC" />
		</Unit>
		<Unit filename="src/components/ogg_grid.c">
			<Option compilerVar="CC" />
		</Unit>
		<Unit filename="src/components/ogg_grid_canvas.c">
			<Option compilerVar="CC" />
		</Unit>
		<Unit filename="src/components/ogg_shape.c">
			<Option compilerVar="CC" />
		</Unit>
		<Unit filename="src/utils/ogg_event.c">
			<Option compilerVar="CC" />
		</Unit>
		<Unit filename="src/utils/ogg_utils.c">
			<Option compilerVar="CC" />
		</Unit>
		<Extensions>
			<code_completion />
			<envvars />
			<debugger />
			<lib_finder disable_auto="1" />
		</Extensions>
	</Project>
</CodeBlocks_project_file>
